
Microsoft Visual Studio Solution File, Format Version 12.00
# Visual Studio Version 17
VisualStudioVersion = 17.8.34322.80
MinimumVisualStudioVersion = 10.0.40219.1
Project("{2150E333-8FDC-42A3-9474-1A3956D46DE8}") = "IdentityService", "IdentityService", "{A92579F0-71B0-421E-8E45-BD66ADE07FF4}"
EndProject
Project("{9A19103F-16F7-4668-BE54-9A1E7A4F7556}") = "Identity.Domain", "Identity.Domain\Identity.Domain.csproj", "{0DD62AF1-9F64-447E-A629-70F0B0595B35}"
EndProject
Project("{2150E333-8FDC-42A3-9474-1A3956D46DE8}") = "Common", "Common", "{AB6B5356-615C-4BE5-AC1B-D5B53DF3B408}"
EndProject
Project("{9A19103F-16F7-4668-BE54-9A1E7A4F7556}") = "BlogJWT", "BlogJWT\BlogJWT.csproj", "{0A382DD0-F02D-4C9C-803E-B7E0731EC815}"
EndProject
Project("{9A19103F-16F7-4668-BE54-9A1E7A4F7556}") = "BlogDomainCommons", "Commons\BlogDomainCommons.csproj", "{A1FA0D52-A241-42DA-AE1A-6EFA16D8E487}"
EndProject
Project("{9A19103F-16F7-4668-BE54-9A1E7A4F7556}") = "RedisHelper", "RedisHelper\RedisHelper.csproj", "{9B0F75E5-196D-4EFF-9E50-04B55D1BE731}"
EndProject
Project("{9A19103F-16F7-4668-BE54-9A1E7A4F7556}") = "IdentityService.Infrastructure", "IdentityService.Infrastructure\IdentityService.Infrastructure.csproj", "{67160B8C-BC76-40DE-BB1D-EA3A1C7BA2A3}"
EndProject
Project("{9A19103F-16F7-4668-BE54-9A1E7A4F7556}") = "IdentityService.WebApi", "IdentityService.WebApi\IdentityService.WebApi.csproj", "{16005872-41E9-40E5-94AE-D30C45ECCE98}"
EndProject
Project("{2150E333-8FDC-42A3-9474-1A3956D46DE8}") = "BlogService", "BlogService", "{F26D61C3-2179-4117-8DB8-D3907619CFA3}"
EndProject
Project("{9A19103F-16F7-4668-BE54-9A1E7A4F7556}") = "BlogService.Domain", "BlogService.Domain\BlogService.Domain.csproj", "{963CEAD4-DFEE-470C-843E-257CEC1AB8D0}"
EndProject
Project("{FAE04EC0-301F-11D3-BF4B-00C04F79EFBC}") = "BlogRabbitHelper", "BlogRabbitHelper\BlogRabbitHelper.csproj", "{16A7E792-7435-4337-A65D-67EA32E2746C}"
EndProject
Global
	GlobalSection(SolutionConfigurationPlatforms) = preSolution
		Debug|Any CPU = Debug|Any CPU
		Release|Any CPU = Release|Any CPU
	EndGlobalSection
	GlobalSection(ProjectConfigurationPlatforms) = postSolution
		{0DD62AF1-9F64-447E-A629-70F0B0595B35}.Debug|Any CPU.ActiveCfg = Debug|Any CPU
		{0DD62AF1-9F64-447E-A629-70F0B0595B35}.Debug|Any CPU.Build.0 = Debug|Any CPU
		{0DD62AF1-9F64-447E-A629-70F0B0595B35}.Release|Any CPU.ActiveCfg = Release|Any CPU
		{0DD62AF1-9F64-447E-A629-70F0B0595B35}.Release|Any CPU.Build.0 = Release|Any CPU
		{0A382DD0-F02D-4C9C-803E-B7E0731EC815}.Debug|Any CPU.ActiveCfg = Debug|Any CPU
		{0A382DD0-F02D-4C9C-803E-B7E0731EC815}.Debug|Any CPU.Build.0 = Debug|Any CPU
		{0A382DD0-F02D-4C9C-803E-B7E0731EC815}.Release|Any CPU.ActiveCfg = Release|Any CPU
		{0A382DD0-F02D-4C9C-803E-B7E0731EC815}.Release|Any CPU.Build.0 = Release|Any CPU
		{A1FA0D52-A241-42DA-AE1A-6EFA16D8E487}.Debug|Any CPU.ActiveCfg = Debug|Any CPU
		{A1FA0D52-A241-42DA-AE1A-6EFA16D8E487}.Debug|Any CPU.Build.0 = Debug|Any CPU
		{A1FA0D52-A241-42DA-AE1A-6EFA16D8E487}.Release|Any CPU.ActiveCfg = Release|Any CPU
		{A1FA0D52-A241-42DA-AE1A-6EFA16D8E487}.Release|Any CPU.Build.0 = Release|Any CPU
		{9B0F75E5-196D-4EFF-9E50-04B55D1BE731}.Debug|Any CPU.ActiveCfg = Debug|Any CPU
		{9B0F75E5-196D-4EFF-9E50-04B55D1BE731}.Debug|Any CPU.Build.0 = Debug|Any CPU
		{9B0F75E5-196D-4EFF-9E50-04B55D1BE731}.Release|Any CPU.ActiveCfg = Release|Any CPU
		{9B0F75E5-196D-4EFF-9E50-04B55D1BE731}.Release|Any CPU.Build.0 = Release|Any CPU
		{67160B8C-BC76-40DE-BB1D-EA3A1C7BA2A3}.Debug|Any CPU.ActiveCfg = Debug|Any CPU
		{67160B8C-BC76-40DE-BB1D-EA3A1C7BA2A3}.Debug|Any CPU.Build.0 = Debug|Any CPU
		{67160B8C-BC76-40DE-BB1D-EA3A1C7BA2A3}.Release|Any CPU.ActiveCfg = Release|Any CPU
		{67160B8C-BC76-40DE-BB1D-EA3A1C7BA2A3}.Release|Any CPU.Build.0 = Release|Any CPU
		{16005872-41E9-40E5-94AE-D30C45ECCE98}.Debug|Any CPU.ActiveCfg = Debug|Any CPU
		{16005872-41E9-40E5-94AE-D30C45ECCE98}.Debug|Any CPU.Build.0 = Debug|Any CPU
		{16005872-41E9-40E5-94AE-D30C45ECCE98}.Release|Any CPU.ActiveCfg = Release|Any CPU
		{16005872-41E9-40E5-94AE-D30C45ECCE98}.Release|Any CPU.Build.0 = Release|Any CPU
		{963CEAD4-DFEE-470C-843E-257CEC1AB8D0}.Debug|Any CPU.ActiveCfg = Debug|Any CPU
		{963CEAD4-DFEE-470C-843E-257CEC1AB8D0}.Debug|Any CPU.Build.0 = Debug|Any CPU
		{963CEAD4-DFEE-470C-843E-257CEC1AB8D0}.Release|Any CPU.ActiveCfg = Release|Any CPU
		{963CEAD4-DFEE-470C-843E-257CEC1AB8D0}.Release|Any CPU.Build.0 = Release|Any CPU
		{16A7E792-7435-4337-A65D-67EA32E2746C}.Debug|Any CPU.ActiveCfg = Debug|Any CPU
		{16A7E792-7435-4337-A65D-67EA32E2746C}.Debug|Any CPU.Build.0 = Debug|Any CPU
		{16A7E792-7435-4337-A65D-67EA32E2746C}.Release|Any CPU.ActiveCfg = Release|Any CPU
		{16A7E792-7435-4337-A65D-67EA32E2746C}.Release|Any CPU.Build.0 = Release|Any CPU
	EndGlobalSection
	GlobalSection(SolutionProperties) = preSolution
		HideSolutionNode = FALSE
	EndGlobalSection
	GlobalSection(NestedProjects) = preSolution
		{0DD62AF1-9F64-447E-A629-70F0B0595B35} = {A92579F0-71B0-421E-8E45-BD66ADE07FF4}
		{0A382DD0-F02D-4C9C-803E-B7E0731EC815} = {AB6B5356-615C-4BE5-AC1B-D5B53DF3B408}
		{A1FA0D52-A241-42DA-AE1A-6EFA16D8E487} = {AB6B5356-615C-4BE5-AC1B-D5B53DF3B408}
		{9B0F75E5-196D-4EFF-9E50-04B55D1BE731} = {AB6B5356-615C-4BE5-AC1B-D5B53DF3B408}
		{67160B8C-BC76-40DE-BB1D-EA3A1C7BA2A3} = {A92579F0-71B0-421E-8E45-BD66ADE07FF4}
		{16005872-41E9-40E5-94AE-D30C45ECCE98} = {A92579F0-71B0-421E-8E45-BD66ADE07FF4}
		{963CEAD4-DFEE-470C-843E-257CEC1AB8D0} = {F26D61C3-2179-4117-8DB8-D3907619CFA3}
		{16A7E792-7435-4337-A65D-67EA32E2746C} = {AB6B5356-615C-4BE5-AC1B-D5B53DF3B408}
	EndGlobalSection
	GlobalSection(ExtensibilityGlobals) = postSolution
		SolutionGuid = {6610167F-806F-43F4-B55C-397BA2C60557}
	EndGlobalSection
EndGlobal
